
Microsoft Visual Studio Solution File, Format Version 12.00
# Visual Studio Version 17
VisualStudioVersion = 17.8.34322.80
MinimumVisualStudioVersion = 10.0.40219.1
Project("{FAE04EC0-301F-11D3-BF4B-00C04F79EFBC}") = "Entities", "Entities\Entities.csproj", "{81DE18C6-7398-49F0-B36C-3F80922A1347}"
EndProject
Project("{FAE04EC0-301F-11D3-BF4B-00C04F79EFBC}") = "DataAccess", "DataAccess\DataAccess.csproj", "{E047827E-1F96-4789-80A0-D37CB90AE7DA}"
EndProject
Project("{FAE04EC0-301F-11D3-BF4B-00C04F79EFBC}") = "Business", "Business\Business.csproj", "{0F01C1EB-71D9-40B6-A5F8-7417ABA8D208}"
EndProject
Project("{FAE04EC0-301F-11D3-BF4B-00C04F79EFBC}") = "Core", "Core\Core.csproj", "{E796ABD4-F9B5-4CCE-BB99-10AD829FAF72}"
EndProject
Project("{FAE04EC0-301F-11D3-BF4B-00C04F79EFBC}") = "WebAPI", "WebAPI\WebAPI.csproj", "{9A6C3239-3A33-44C7-8767-39E7F2A093C1}"
EndProject
Global
	GlobalSection(SolutionConfigurationPlatforms) = preSolution
		Debug|Any CPU = Debug|Any CPU
		Release|Any CPU = Release|Any CPU
	EndGlobalSection
	GlobalSection(ProjectConfigurationPlatforms) = postSolution
		{81DE18C6-7398-49F0-B36C-3F80922A1347}.Debug|Any CPU.ActiveCfg = Debug|Any CPU
		{81DE18C6-7398-49F0-B36C-3F80922A1347}.Debug|Any CPU.Build.0 = Debug|Any CPU
		{81DE18C6-7398-49F0-B36C-3F80922A1347}.Release|Any CPU.ActiveCfg = Release|Any CPU
		{81DE18C6-7398-49F0-B36C-3F80922A1347}.Release|Any CPU.Build.0 = Release|Any CPU
		{E047827E-1F96-4789-80A0-D37CB90AE7DA}.Debug|Any CPU.ActiveCfg = Debug|Any CPU
		{E047827E-1F96-4789-80A0-D37CB90AE7DA}.Debug|Any CPU.Build.0 = Debug|Any CPU
		{E047827E-1F96-4789-80A0-D37CB90AE7DA}.Release|Any CPU.ActiveCfg = Release|Any CPU
		{E047827E-1F96-4789-80A0-D37CB90AE7DA}.Release|Any CPU.Build.0 = Release|Any CPU
		{0F01C1EB-71D9-40B6-A5F8-7417ABA8D208}.Debug|Any CPU.ActiveCfg = Debug|Any CPU
		{0F01C1EB-71D9-40B6-A5F8-7417ABA8D208}.Debug|Any CPU.Build.0 = Debug|Any CPU
		{0F01C1EB-71D9-40B6-A5F8-7417ABA8D208}.Release|Any CPU.ActiveCfg = Release|Any CPU
		{0F01C1EB-71D9-40B6-A5F8-7417ABA8D208}.Release|Any CPU.Build.0 = Release|Any CPU
		{E796ABD4-F9B5-4CCE-BB99-10AD829FAF72}.Debug|Any CPU.ActiveCfg = Debug|Any CPU
		{E796ABD4-F9B5-4CCE-BB99-10AD829FAF72}.Debug|Any CPU.Build.0 = Debug|Any CPU
		{E796ABD4-F9B5-4CCE-BB99-10AD829FAF72}.Release|Any CPU.ActiveCfg = Release|Any CPU
		{E796ABD4-F9B5-4CCE-BB99-10AD829FAF72}.Release|Any CPU.Build.0 = Release|Any CPU
		{9A6C3239-3A33-44C7-8767-39E7F2A093C1}.Debug|Any CPU.ActiveCfg = Debug|Any CPU
		{9A6C3239-3A33-44C7-8767-39E7F2A093C1}.Debug|Any CPU.Build.0 = Debug|Any CPU
		{9A6C3239-3A33-44C7-8767-39E7F2A093C1}.Release|Any CPU.ActiveCfg = Release|Any CPU
		{9A6C3239-3A33-44C7-8767-39E7F2A093C1}.Release|Any CPU.Build.0 = Release|Any CPU
	EndGlobalSection
	GlobalSection(SolutionProperties) = preSolution
		HideSolutionNode = FALSE
	EndGlobalSection
	GlobalSection(ExtensibilityGlobals) = postSolution
		SolutionGuid = {886BFE6F-6419-497D-8590-272E86A76B1F}
	EndGlobalSection
EndGlobal
